{
  "name": "programa-principal",
  "version": "1.0.0",
  "lockfileVersion": 2,
  "requires": true,
  "packages": {
    "": {
      "name": "programa-principal",
      "version": "1.0.0",
      "license": "ISC",
      "dependencies": {
        "matematica": "file:../mat"
      }
    },
    "../mat": {
      "name": "matematica",
      "version": "1.0.0",
      "license": "ISC"
    },
    "node_modules/matematica": {
      "resolved": "../mat",
      "link": true
    }
  },
  "dependencies": {
    "matematica": {
      "version": "file:../mat"
    }
  }
}
